// !$*UTF8*$!
{
	archiveVersion = 1;
	classes = {
	};
	objectVersion = 50;
	objects = {

/* Begin PBXBuildFile section */
		8D70A75825FC49160014274F /* AirConditionersViewController.swift in Sources */ = {isa = PBXBuildFile; fileRef = 8D70A75725FC49160014274F /* AirConditionersViewController.swift */; };
		8D70A76425FC4B960014274F /* ActivityIndicators.swift in Sources */ = {isa = PBXBuildFile; fileRef = 8D70A76325FC4B960014274F /* ActivityIndicators.swift */; };
		8D70A76925FC4EA00014274F /* Strings.swift in Sources */ = {isa = PBXBuildFile; fileRef = 8D70A76825FC4EA00014274F /* Strings.swift */; };
		8D70A76E25FC61FC0014274F /* MockURLSession.swift in Sources */ = {isa = PBXBuildFile; fileRef = 8D70A76D25FC61FC0014274F /* MockURLSession.swift */; };
		8D70A77225FC62590014274F /* Strings.swift in Sources */ = {isa = PBXBuildFile; fileRef = 8D70A76825FC4EA00014274F /* Strings.swift */; };
		8D70A77625FC63C60014274F /* Strings.swift in Sources */ = {isa = PBXBuildFile; fileRef = 8D70A76825FC4EA00014274F /* Strings.swift */; };
		8D7E9E6325FB6F3B007D4D0C /* AppDelegate.swift in Sources */ = {isa = PBXBuildFile; fileRef = 8D7E9E6225FB6F3B007D4D0C /* AppDelegate.swift */; };
		8D7E9E6525FB6F3B007D4D0C /* SceneDelegate.swift in Sources */ = {isa = PBXBuildFile; fileRef = 8D7E9E6425FB6F3B007D4D0C /* SceneDelegate.swift */; };
		8D7E9E6C25FB6F3E007D4D0C /* Assets.xcassets in Resources */ = {isa = PBXBuildFile; fileRef = 8D7E9E6B25FB6F3E007D4D0C /* Assets.xcassets */; };
		8D7E9E6F25FB6F3E007D4D0C /* LaunchScreen.storyboard in Resources */ = {isa = PBXBuildFile; fileRef = 8D7E9E6D25FB6F3E007D4D0C /* LaunchScreen.storyboard */; };
		8D7E9E7A25FB6F3F007D4D0C /* koganCodingChallengeTests.swift in Sources */ = {isa = PBXBuildFile; fileRef = 8D7E9E7925FB6F3F007D4D0C /* koganCodingChallengeTests.swift */; };
		8D7E9E8525FB6F3F007D4D0C /* koganCodingChallengeUITests.swift in Sources */ = {isa = PBXBuildFile; fileRef = 8D7E9E8425FB6F3F007D4D0C /* koganCodingChallengeUITests.swift */; };
		8D7E9E9625FB6F5D007D4D0C /* Home.storyboard in Resources */ = {isa = PBXBuildFile; fileRef = 8D7E9E9525FB6F5D007D4D0C /* Home.storyboard */; };
		8D7E9EBA25FB74C8007D4D0C /* Product.swift in Sources */ = {isa = PBXBuildFile; fileRef = 8D7E9EB925FB74C8007D4D0C /* Product.swift */; };
		8D7E9EBB25FB74C8007D4D0C /* Product.swift in Sources */ = {isa = PBXBuildFile; fileRef = 8D7E9EB925FB74C8007D4D0C /* Product.swift */; };
		8D7E9EBC25FB74C8007D4D0C /* Product.swift in Sources */ = {isa = PBXBuildFile; fileRef = 8D7E9EB925FB74C8007D4D0C /* Product.swift */; };
		8D7E9EC525FB75C0007D4D0C /* AirConditionerViewModel.swift in Sources */ = {isa = PBXBuildFile; fileRef = 8D7E9EC425FB75C0007D4D0C /* AirConditionerViewModel.swift */; };
		8D7E9EC625FB75C0007D4D0C /* AirConditionerViewModel.swift in Sources */ = {isa = PBXBuildFile; fileRef = 8D7E9EC425FB75C0007D4D0C /* AirConditionerViewModel.swift */; };
		8D7E9EC725FB75C0007D4D0C /* AirConditionerViewModel.swift in Sources */ = {isa = PBXBuildFile; fileRef = 8D7E9EC425FB75C0007D4D0C /* AirConditionerViewModel.swift */; };
		8D7E9ED525FB7756007D4D0C /* APIService.swift in Sources */ = {isa = PBXBuildFile; fileRef = 8D7E9ED425FB7756007D4D0C /* APIService.swift */; };
		8D7E9ED625FB7756007D4D0C /* APIService.swift in Sources */ = {isa = PBXBuildFile; fileRef = 8D7E9ED425FB7756007D4D0C /* APIService.swift */; };
		8D7E9ED725FB7756007D4D0C /* APIService.swift in Sources */ = {isa = PBXBuildFile; fileRef = 8D7E9ED425FB7756007D4D0C /* APIService.swift */; };
/* End PBXBuildFile section */

/* Begin PBXContainerItemProxy section */
		8D7E9E7625FB6F3F007D4D0C /* PBXContainerItemProxy */ = {
			isa = PBXContainerItemProxy;
			containerPortal = 8D7E9E5725FB6F3B007D4D0C /* Project object */;
			proxyType = 1;
			remoteGlobalIDString = 8D7E9E5E25FB6F3B007D4D0C;
			remoteInfo = koganCodingChallenge;
		};
		8D7E9E8125FB6F3F007D4D0C /* PBXContainerItemProxy */ = {
			isa = PBXContainerItemProxy;
			containerPortal = 8D7E9E5725FB6F3B007D4D0C /* Project object */;
			proxyType = 1;
			remoteGlobalIDString = 8D7E9E5E25FB6F3B007D4D0C;
			remoteInfo = koganCodingChallenge;
		};
/* End PBXContainerItemProxy section */

/* Begin PBXFileReference section */
		8D70A75725FC49160014274F /* AirConditionersViewController.swift */ = {isa = PBXFileReference; lastKnownFileType = sourcecode.swift; path = AirConditionersViewController.swift; sourceTree = "<group>"; };
		8D70A76325FC4B960014274F /* ActivityIndicators.swift */ = {isa = PBXFileReference; lastKnownFileType = sourcecode.swift; path = ActivityIndicators.swift; sourceTree = "<group>"; };
		8D70A76825FC4EA00014274F /* Strings.swift */ = {isa = PBXFileReference; lastKnownFileType = sourcecode.swift; path = Strings.swift; sourceTree = "<group>"; };
		8D70A76D25FC61FC0014274F /* MockURLSession.swift */ = {isa = PBXFileReference; lastKnownFileType = sourcecode.swift; path = MockURLSession.swift; sourceTree = "<group>"; };
		8D7E9E5F25FB6F3B007D4D0C /* koganCodingChallenge.app */ = {isa = PBXFileReference; explicitFileType = wrapper.application; includeInIndex = 0; path = koganCodingChallenge.app; sourceTree = BUILT_PRODUCTS_DIR; };
		8D7E9E6225FB6F3B007D4D0C /* AppDelegate.swift */ = {isa = PBXFileReference; lastKnownFileType = sourcecode.swift; path = AppDelegate.swift; sourceTree = "<group>"; };
		8D7E9E6425FB6F3B007D4D0C /* SceneDelegate.swift */ = {isa = PBXFileReference; lastKnownFileType = sourcecode.swift; path = SceneDelegate.swift; sourceTree = "<group>"; };
		8D7E9E6B25FB6F3E007D4D0C /* Assets.xcassets */ = {isa = PBXFileReference; lastKnownFileType = folder.assetcatalog; path = Assets.xcassets; sourceTree = "<group>"; };
		8D7E9E6E25FB6F3E007D4D0C /* Base */ = {isa = PBXFileReference; lastKnownFileType = file.storyboard; name = Base; path = Base.lproj/LaunchScreen.storyboard; sourceTree = "<group>"; };
		8D7E9E7025FB6F3E007D4D0C /* Info.plist */ = {isa = PBXFileReference; lastKnownFileType = text.plist.xml; path = Info.plist; sourceTree = "<group>"; };
		8D7E9E7525FB6F3F007D4D0C /* koganCodingChallengeTests.xctest */ = {isa = PBXFileReference; explicitFileType = wrapper.cfbundle; includeInIndex = 0; path = koganCodingChallengeTests.xctest; sourceTree = BUILT_PRODUCTS_DIR; };
		8D7E9E7925FB6F3F007D4D0C /* koganCodingChallengeTests.swift */ = {isa = PBXFileReference; lastKnownFileType = sourcecode.swift; path = koganCodingChallengeTests.swift; sourceTree = "<group>"; };
		8D7E9E7B25FB6F3F007D4D0C /* Info.plist */ = {isa = PBXFileReference; lastKnownFileType = text.plist.xml; path = Info.plist; sourceTree = "<group>"; };
		8D7E9E8025FB6F3F007D4D0C /* koganCodingChallengeUITests.xctest */ = {isa = PBXFileReference; explicitFileType = wrapper.cfbundle; includeInIndex = 0; path = koganCodingChallengeUITests.xctest; sourceTree = BUILT_PRODUCTS_DIR; };
		8D7E9E8425FB6F3F007D4D0C /* koganCodingChallengeUITests.swift */ = {isa = PBXFileReference; lastKnownFileType = sourcecode.swift; path = koganCodingChallengeUITests.swift; sourceTree = "<group>"; };
		8D7E9E8625FB6F3F007D4D0C /* Info.plist */ = {isa = PBXFileReference; lastKnownFileType = text.plist.xml; path = Info.plist; sourceTree = "<group>"; };
		8D7E9E9525FB6F5D007D4D0C /* Home.storyboard */ = {isa = PBXFileReference; lastKnownFileType = file.storyboard; path = Home.storyboard; sourceTree = "<group>"; };
		8D7E9EB925FB74C8007D4D0C /* Product.swift */ = {isa = PBXFileReference; lastKnownFileType = sourcecode.swift; path = Product.swift; sourceTree = "<group>"; };
		8D7E9EC425FB75C0007D4D0C /* AirConditionerViewModel.swift */ = {isa = PBXFileReference; lastKnownFileType = sourcecode.swift; path = AirConditionerViewModel.swift; sourceTree = "<group>"; };
		8D7E9ED425FB7756007D4D0C /* APIService.swift */ = {isa = PBXFileReference; lastKnownFileType = sourcecode.swift; path = APIService.swift; sourceTree = "<group>"; };
/* End PBXFileReference section */

/* Begin PBXFrameworksBuildPhase section */
		8D7E9E5C25FB6F3B007D4D0C /* Frameworks */ = {
			isa = PBXFrameworksBuildPhase;
			buildActionMask = 2147483647;
			files = (
			);
			runOnlyForDeploymentPostprocessing = 0;
		};
		8D7E9E7225FB6F3F007D4D0C /* Frameworks */ = {
			isa = PBXFrameworksBuildPhase;
			buildActionMask = 2147483647;
			files = (
			);
			runOnlyForDeploymentPostprocessing = 0;
		};
		8D7E9E7D25FB6F3F007D4D0C /* Frameworks */ = {
			isa = PBXFrameworksBuildPhase;
			buildActionMask = 2147483647;
			files = (
			);
			runOnlyForDeploymentPostprocessing = 0;
		};
/* End PBXFrameworksBuildPhase section */

/* Begin PBXGroup section */
		8D70A76225FC4B7F0014274F /* Helpers */ = {
			isa = PBXGroup;
			children = (
				8D70A76325FC4B960014274F /* ActivityIndicators.swift */,
				8D70A76825FC4EA00014274F /* Strings.swift */,
			);
			path = Helpers;
			sourceTree = "<group>";
		};
		8D7E9E5625FB6F3B007D4D0C = {
			isa = PBXGroup;
			children = (
				8D7E9E6125FB6F3B007D4D0C /* koganCodingChallenge */,
				8D7E9E7825FB6F3F007D4D0C /* koganCodingChallengeTests */,
				8D7E9E8325FB6F3F007D4D0C /* koganCodingChallengeUITests */,
				8D7E9E6025FB6F3B007D4D0C /* Products */,
			);
			sourceTree = "<group>";
		};
		8D7E9E6025FB6F3B007D4D0C /* Products */ = {
			isa = PBXGroup;
			children = (
				8D7E9E5F25FB6F3B007D4D0C /* koganCodingChallenge.app */,
				8D7E9E7525FB6F3F007D4D0C /* koganCodingChallengeTests.xctest */,
				8D7E9E8025FB6F3F007D4D0C /* koganCodingChallengeUITests.xctest */,
			);
			name = Products;
			sourceTree = "<group>";
		};
		8D7E9E6125FB6F3B007D4D0C /* koganCodingChallenge */ = {
			isa = PBXGroup;
			children = (
				8D70A76225FC4B7F0014274F /* Helpers */,
				8D7E9EC325FB75A9007D4D0C /* ViewModels */,
				8D7E9EB825FB74A0007D4D0C /* Models */,
				8D7E9EA225FB72C6007D4D0C /* Storyboards */,
				8D7E9EA125FB72B4007D4D0C /* SupportingClasses */,
				8D7E9EA025FB72A2007D4D0C /* ViewControllers */,
				8D7E9E7025FB6F3E007D4D0C /* Info.plist */,
			);
			path = koganCodingChallenge;
			sourceTree = "<group>";
		};
		8D7E9E7825FB6F3F007D4D0C /* koganCodingChallengeTests */ = {
			isa = PBXGroup;
			children = (
				8D7E9E7925FB6F3F007D4D0C /* koganCodingChallengeTests.swift */,
				8D7E9E7B25FB6F3F007D4D0C /* Info.plist */,
				8D70A76D25FC61FC0014274F /* MockURLSession.swift */,
			);
			path = koganCodingChallengeTests;
			sourceTree = "<group>";
		};
		8D7E9E8325FB6F3F007D4D0C /* koganCodingChallengeUITests */ = {
			isa = PBXGroup;
			children = (
				8D7E9E8425FB6F3F007D4D0C /* koganCodingChallengeUITests.swift */,
				8D7E9E8625FB6F3F007D4D0C /* Info.plist */,
			);
			path = koganCodingChallengeUITests;
			sourceTree = "<group>";
		};
		8D7E9EA025FB72A2007D4D0C /* ViewControllers */ = {
			isa = PBXGroup;
			children = (
				8D70A75725FC49160014274F /* AirConditionersViewController.swift */,
			);
			path = ViewControllers;
			sourceTree = "<group>";
		};
		8D7E9EA125FB72B4007D4D0C /* SupportingClasses */ = {
			isa = PBXGroup;
			children = (
				8D7E9E6225FB6F3B007D4D0C /* AppDelegate.swift */,
				8D7E9E6425FB6F3B007D4D0C /* SceneDelegate.swift */,
				8D7E9E6B25FB6F3E007D4D0C /* Assets.xcassets */,
				8D7E9E6D25FB6F3E007D4D0C /* LaunchScreen.storyboard */,
				8D7E9ED425FB7756007D4D0C /* APIService.swift */,
			);
			path = SupportingClasses;
			sourceTree = "<group>";
		};
		8D7E9EA225FB72C6007D4D0C /* Storyboards */ = {
			isa = PBXGroup;
			children = (
				8D7E9E9525FB6F5D007D4D0C /* Home.storyboard */,
			);
			path = Storyboards;
			sourceTree = "<group>";
		};
		8D7E9EB825FB74A0007D4D0C /* Models */ = {
			isa = PBXGroup;
			children = (
				8D7E9EB925FB74C8007D4D0C /* Product.swift */,
			);
			path = Models;
			sourceTree = "<group>";
		};
		8D7E9EC325FB75A9007D4D0C /* ViewModels */ = {
			isa = PBXGroup;
			children = (
				8D7E9EC425FB75C0007D4D0C /* AirConditionerViewModel.swift */,
			);
			path = ViewModels;
			sourceTree = "<group>";
		};
/* End PBXGroup section */

/* Begin PBXNativeTarget section */
		8D7E9E5E25FB6F3B007D4D0C /* koganCodingChallenge */ = {
			isa = PBXNativeTarget;
			buildConfigurationList = 8D7E9E8925FB6F3F007D4D0C /* Build configuration list for PBXNativeTarget "koganCodingChallenge" */;
			buildPhases = (
				8D7E9E5B25FB6F3B007D4D0C /* Sources */,
				8D7E9E5C25FB6F3B007D4D0C /* Frameworks */,
				8D7E9E5D25FB6F3B007D4D0C /* Resources */,
			);
			buildRules = (
			);
			dependencies = (
			);
			name = koganCodingChallenge;
			productName = koganCodingChallenge;
			productReference = 8D7E9E5F25FB6F3B007D4D0C /* koganCodingChallenge.app */;
			productType = "com.apple.product-type.application";
		};
		8D7E9E7425FB6F3F007D4D0C /* koganCodingChallengeTests */ = {
			isa = PBXNativeTarget;
			buildConfigurationList = 8D7E9E8C25FB6F3F007D4D0C /* Build configuration list for PBXNativeTarget "koganCodingChallengeTests" */;
			buildPhases = (
				8D7E9E7125FB6F3F007D4D0C /* Sources */,
				8D7E9E7225FB6F3F007D4D0C /* Frameworks */,
				8D7E9E7325FB6F3F007D4D0C /* Resources */,
			);
			buildRules = (
			);
			dependencies = (
				8D7E9E7725FB6F3F007D4D0C /* PBXTargetDependency */,
			);
			name = koganCodingChallengeTests;
			productName = koganCodingChallengeTests;
			productReference = 8D7E9E7525FB6F3F007D4D0C /* koganCodingChallengeTests.xctest */;
			productType = "com.apple.product-type.bundle.unit-test";
		};
		8D7E9E7F25FB6F3F007D4D0C /* koganCodingChallengeUITests */ = {
			isa = PBXNativeTarget;
			buildConfigurationList = 8D7E9E8F25FB6F3F007D4D0C /* Build configuration list for PBXNativeTarget "koganCodingChallengeUITests" */;
			buildPhases = (
				8D7E9E7C25FB6F3F007D4D0C /* Sources */,
				8D7E9E7D25FB6F3F007D4D0C /* Frameworks */,
				8D7E9E7E25FB6F3F007D4D0C /* Resources */,
			);
			buildRules = (
			);
			dependencies = (
				8D7E9E8225FB6F3F007D4D0C /* PBXTargetDependency */,
			);
			name = koganCodingChallengeUITests;
			productName = koganCodingChallengeUITests;
			productReference = 8D7E9E8025FB6F3F007D4D0C /* koganCodingChallengeUITests.xctest */;
			productType = "com.apple.product-type.bundle.ui-testing";
		};
/* End PBXNativeTarget section */

/* Begin PBXProject section */
		8D7E9E5725FB6F3B007D4D0C /* Project object */ = {
			isa = PBXProject;
			attributes = {
				LastSwiftUpdateCheck = 1240;
				LastUpgradeCheck = 1240;
				TargetAttributes = {
					8D7E9E5E25FB6F3B007D4D0C = {
						CreatedOnToolsVersion = 12.4;
					};
					8D7E9E7425FB6F3F007D4D0C = {
						CreatedOnToolsVersion = 12.4;
						TestTargetID = 8D7E9E5E25FB6F3B007D4D0C;
					};
					8D7E9E7F25FB6F3F007D4D0C = {
						CreatedOnToolsVersion = 12.4;
						TestTargetID = 8D7E9E5E25FB6F3B007D4D0C;
					};
				};
			};
			buildConfigurationList = 8D7E9E5A25FB6F3B007D4D0C /* Build configuration list for PBXProject "koganCodingChallenge" */;
			compatibilityVersion = "Xcode 9.3";
			developmentRegion = en;
			hasScannedForEncodings = 0;
			knownRegions = (
				en,
				Base,
			);
			mainGroup = 8D7E9E5625FB6F3B007D4D0C;
			productRefGroup = 8D7E9E6025FB6F3B007D4D0C /* Products */;
			projectDirPath = "";
			projectRoot = "";
			targets = (
				8D7E9E5E25FB6F3B007D4D0C /* koganCodingChallenge */,
				8D7E9E7425FB6F3F007D4D0C /* koganCodingChallengeTests */,
				8D7E9E7F25FB6F3F007D4D0C /* koganCodingChallengeUITests */,
			);
		};
/* End PBXProject section */

/* Begin PBXResourcesBuildPhase section */
		8D7E9E5D25FB6F3B007D4D0C /* Resources */ = {
			isa = PBXResourcesBuildPhase;
			buildActionMask = 2147483647;
			files = (
				8D7E9E6F25FB6F3E007D4D0C /* LaunchScreen.storyboard in Resources */,
				8D7E9E6C25FB6F3E007D4D0C /* Assets.xcassets in Resources */,
				8D7E9E9625FB6F5D007D4D0C /* Home.storyboard in Resources */,
			);
			runOnlyForDeploymentPostprocessing = 0;
		};
		8D7E9E7325FB6F3F007D4D0C /* Resources */ = {
			isa = PBXResourcesBuildPhase;
			buildActionMask = 2147483647;
			files = (
			);
			runOnlyForDeploymentPostprocessing = 0;
		};
		8D7E9E7E25FB6F3F007D4D0C /* Resources */ = {
			isa = PBXResourcesBuildPhase;
			buildActionMask = 2147483647;
			files = (
			);
			runOnlyForDeploymentPostprocessing = 0;
		};
/* End PBXResourcesBuildPhase section */

/* Begin PBXSourcesBuildPhase section */
		8D7E9E5B25FB6F3B007D4D0C /* Sources */ = {
			isa = PBXSourcesBuildPhase;
			buildActionMask = 2147483647;
			files = (
				8D7E9ED525FB7756007D4D0C /* APIService.swift in Sources */,
				8D7E9E6325FB6F3B007D4D0C /* AppDelegate.swift in Sources */,
				8D70A76925FC4EA00014274F /* Strings.swift in Sources */,
				8D70A75825FC49160014274F /* AirConditionersViewController.swift in Sources */,
				8D70A76425FC4B960014274F /* ActivityIndicators.swift in Sources */,
				8D7E9EC525FB75C0007D4D0C /* AirConditionerViewModel.swift in Sources */,
				8D7E9EBA25FB74C8007D4D0C /* Product.swift in Sources */,
				8D7E9E6525FB6F3B007D4D0C /* SceneDelegate.swift in Sources */,
			);
			runOnlyForDeploymentPostprocessing = 0;
		};
		8D7E9E7125FB6F3F007D4D0C /* Sources */ = {
			isa = PBXSourcesBuildPhase;
			buildActionMask = 2147483647;
			files = (
				8D7E9E7A25FB6F3F007D4D0C /* koganCodingChallengeTests.swift in Sources */,
				8D7E9EBB25FB74C8007D4D0C /* Product.swift in Sources */,
				8D7E9EC625FB75C0007D4D0C /* AirConditionerViewModel.swift in Sources */,
				8D70A76E25FC61FC0014274F /* MockURLSession.swift in Sources */,
				8D70A77225FC62590014274F /* Strings.swift in Sources */,
				8D7E9ED625FB7756007D4D0C /* APIService.swift in Sources */,
			);
			runOnlyForDeploymentPostprocessing = 0;
		};
		8D7E9E7C25FB6F3F007D4D0C /* Sources */ = {
			isa = PBXSourcesBuildPhase;
			buildActionMask = 2147483647;
			files = (
				8D7E9E8525FB6F3F007D4D0C /* koganCodingChallengeUITests.swift in Sources */,
				8D7E9EBC25FB74C8007D4D0C /* Product.swift in Sources */,
				8D70A77625FC63C60014274F /* Strings.swift in Sources */,
				8D7E9EC725FB75C0007D4D0C /* AirConditionerViewModel.swift in Sources */,
				8D7E9ED725FB7756007D4D0C /* APIService.swift in Sources */,
			);
			runOnlyForDeploymentPostprocessing = 0;
		};
/* End PBXSourcesBuildPhase section */

/* Begin PBXTargetDependency section */
		8D7E9E7725FB6F3F007D4D0C /* PBXTargetDependency */ = {
			isa = PBXTargetDependency;
			target = 8D7E9E5E25FB6F3B007D4D0C /* koganCodingChallenge */;
			targetProxy = 8D7E9E7625FB6F3F007D4D0C /* PBXContainerItemProxy */;
		};
		8D7E9E8225FB6F3F007D4D0C /* PBXTargetDependency */ = {
			isa = PBXTargetDependency;
			target = 8D7E9E5E25FB6F3B007D4D0C /* koganCodingChallenge */;
			targetProxy = 8D7E9E8125FB6F3F007D4D0C /* PBXContainerItemProxy */;
		};
/* End PBXTargetDependency section */

/* Begin PBXVariantGroup section */
		8D7E9E6D25FB6F3E007D4D0C /* LaunchScreen.storyboard */ = {
			isa = PBXVariantGroup;
			children = (
				8D7E9E6E25FB6F3E007D4D0C /* Base */,
			);
			name = LaunchScreen.storyboard;
			sourceTree = "<group>";
		};
/* End PBXVariantGroup section */

/* Begin XCBuildConfiguration section */
		8D7E9E8725FB6F3F007D4D0C /* Debug */ = {
			isa = XCBuildConfiguration;
			buildSettings = {
				ALWAYS_SEARCH_USER_PATHS = NO;
				CLANG_ANALYZER_NONNULL = YES;
				CLANG_ANALYZER_NUMBER_OBJECT_CONVERSION = YES_AGGRESSIVE;
				CLANG_CXX_LANGUAGE_STANDARD = "gnu++14";
				CLANG_CXX_LIBRARY = "libc++";
				CLANG_ENABLE_MODULES = YES;
				CLANG_ENABLE_OBJC_ARC = YES;
				CLANG_ENABLE_OBJC_WEAK = YES;
				CLANG_WARN_BLOCK_CAPTURE_AUTORELEASING = YES;
				CLANG_WARN_BOOL_CONVERSION = YES;
				CLANG_WARN_COMMA = YES;
				CLANG_WARN_CONSTANT_CONVERSION = YES;
				CLANG_WARN_DEPRECATED_OBJC_IMPLEMENTATIONS = YES;
				CLANG_WARN_DIRECT_OBJC_ISA_USAGE = YES_ERROR;
				CLANG_WARN_DOCUMENTATION_COMMENTS = YES;
				CLANG_WARN_EMPTY_BODY = YES;
				CLANG_WARN_ENUM_CONVERSION = YES;
				CLANG_WARN_INFINITE_RECURSION = YES;
				CLANG_WARN_INT_CONVERSION = YES;
				CLANG_WARN_NON_LITERAL_NULL_CONVERSION = YES;
				CLANG_WARN_OBJC_IMPLICIT_RETAIN_SELF = YES;
				CLANG_WARN_OBJC_LITERAL_CONVERSION = YES;
				CLANG_WARN_OBJC_ROOT_CLASS = YES_ERROR;
				CLANG_WARN_QUOTED_INCLUDE_IN_FRAMEWORK_HEADER = YES;
				CLANG_WARN_RANGE_LOOP_ANALYSIS = YES;
				CLANG_WARN_STRICT_PROTOTYPES = YES;
				CLANG_WARN_SUSPICIOUS_MOVE = YES;
				CLANG_WARN_UNGUARDED_AVAILABILITY = YES_AGGRESSIVE;
				CLANG_WARN_UNREACHABLE_CODE = YES;
				CLANG_WARN__DUPLICATE_METHOD_MATCH = YES;
				COPY_PHASE_STRIP = NO;
				DEBUG_INFORMATION_FORMAT = dwarf;
				ENABLE_STRICT_OBJC_MSGSEND = YES;
				ENABLE_TESTABILITY = YES;
				GCC_C_LANGUAGE_STANDARD = gnu11;
				GCC_DYNAMIC_NO_PIC = NO;
				GCC_NO_COMMON_BLOCKS = YES;
				GCC_OPTIMIZATION_LEVEL = 0;
				GCC_PREPROCESSOR_DEFINITIONS = (
					"DEBUG=1",
					"$(inherited)",
				);
				GCC_WARN_64_TO_32_BIT_CONVERSION = YES;
				GCC_WARN_ABOUT_RETURN_TYPE = YES_ERROR;
				GCC_WARN_UNDECLARED_SELECTOR = YES;
				GCC_WARN_UNINITIALIZED_AUTOS = YES_AGGRESSIVE;
				GCC_WARN_UNUSED_FUNCTION = YES;
				GCC_WARN_UNUSED_VARIABLE = YES;
				IPHONEOS_DEPLOYMENT_TARGET = 14.4;
				MTL_ENABLE_DEBUG_INFO = INCLUDE_SOURCE;
				MTL_FAST_MATH = YES;
				ONLY_ACTIVE_ARCH = YES;
				SDKROOT = iphoneos;
				SWIFT_ACTIVE_COMPILATION_CONDITIONS = DEBUG;
				SWIFT_OPTIMIZATION_LEVEL = "-Onone";
			};
			name = Debug;
		};
		8D7E9E8825FB6F3F007D4D0C /* Release */ = {
			isa = XCBuildConfiguration;
			buildSettings = {
				ALWAYS_SEARCH_USER_PATHS = NO;
				CLANG_ANALYZER_NONNULL = YES;
				CLANG_ANALYZER_NUMBER_OBJECT_CONVERSION = YES_AGGRESSIVE;
				CLANG_CXX_LANGUAGE_STANDARD = "gnu++14";
				CLANG_CXX_LIBRARY = "libc++";
				CLANG_ENABLE_MODULES = YES;
				CLANG_ENABLE_OBJC_ARC = YES;
				CLANG_ENABLE_OBJC_WEAK = YES;
				CLANG_WARN_BLOCK_CAPTURE_AUTORELEASING = YES;
				CLANG_WARN_BOOL_CONVERSION = YES;
				CLANG_WARN_COMMA = YES;
				CLANG_WARN_CONSTANT_CONVERSION = YES;
				CLANG_WARN_DEPRECATED_OBJC_IMPLEMENTATIONS = YES;
				CLANG_WARN_DIRECT_OBJC_ISA_USAGE = YES_ERROR;
				CLANG_WARN_DOCUMENTATION_COMMENTS = YES;
				CLANG_WARN_EMPTY_BODY = YES;
				CLANG_WARN_ENUM_CONVERSION = YES;
				CLANG_WARN_INFINITE_RECURSION = YES;
				CLANG_WARN_INT_CONVERSION = YES;
				CLANG_WARN_NON_LITERAL_NULL_CONVERSION = YES;
				CLANG_WARN_OBJC_IMPLICIT_RETAIN_SELF = YES;
				CLANG_WARN_OBJC_LITERAL_CONVERSION = YES;
				CLANG_WARN_OBJC_ROOT_CLASS = YES_ERROR;
				CLANG_WARN_QUOTED_INCLUDE_IN_FRAMEWORK_HEADER = YES;
				CLANG_WARN_RANGE_LOOP_ANALYSIS = YES;
				CLANG_WARN_STRICT_PROTOTYPES = YES;
				CLANG_WARN_SUSPICIOUS_MOVE = YES;
				CLANG_WARN_UNGUARDED_AVAILABILITY = YES_AGGRESSIVE;
				CLANG_WARN_UNREACHABLE_CODE = YES;
				CLANG_WARN__DUPLICATE_METHOD_MATCH = YES;
				COPY_PHASE_STRIP = NO;
				DEBUG_INFORMATION_FORMAT = "dwarf-with-dsym";
				ENABLE_NS_ASSERTIONS = NO;
				ENABLE_STRICT_OBJC_MSGSEND = YES;
				GCC_C_LANGUAGE_STANDARD = gnu11;
				GCC_NO_COMMON_BLOCKS = YES;
				GCC_WARN_64_TO_32_BIT_CONVERSION = YES;
				GCC_WARN_ABOUT_RETURN_TYPE = YES_ERROR;
				GCC_WARN_UNDECLARED_SELECTOR = YES;
				GCC_WARN_UNINITIALIZED_AUTOS = YES_AGGRESSIVE;
				GCC_WARN_UNUSED_FUNCTION = YES;
				GCC_WARN_UNUSED_VARIABLE = YES;
				IPHONEOS_DEPLOYMENT_TARGET = 14.4;
				MTL_ENABLE_DEBUG_INFO = NO;
				MTL_FAST_MATH = YES;
				SDKROOT = iphoneos;
				SWIFT_COMPILATION_MODE = wholemodule;
				SWIFT_OPTIMIZATION_LEVEL = "-O";
				VALIDATE_PRODUCT = YES;
			};
			name = Release;
		};
		8D7E9E8A25FB6F3F007D4D0C /* Debug */ = {
			isa = XCBuildConfiguration;
			buildSettings = {
				ASSETCATALOG_COMPILER_APPICON_NAME = AppIcon;
				ASSETCATALOG_COMPILER_GLOBAL_ACCENT_COLOR_NAME = AccentColor;
				CODE_SIGN_STYLE = Automatic;
				DEVELOPMENT_TEAM = 4XZ45QMCDW;
				INFOPLIST_FILE = koganCodingChallenge/Info.plist;
				LD_RUNPATH_SEARCH_PATHS = (
					"$(inherited)",
					"@executable_path/Frameworks",
				);
				PRODUCT_BUNDLE_IDENTIFIER = com.ankitha.koganCodingChallenge;
				PRODUCT_NAME = "$(TARGET_NAME)";
				SWIFT_VERSION = 5.0;
				TARGETED_DEVICE_FAMILY = "1,2";
			};
			name = Debug;
		};
		8D7E9E8B25FB6F3F007D4D0C /* Release */ = {
			isa = XCBuildConfiguration;
			buildSettings = {
				ASSETCATALOG_COMPILER_APPICON_NAME = AppIcon;
				ASSETCATALOG_COMPILER_GLOBAL_ACCENT_COLOR_NAME = AccentColor;
				CODE_SIGN_STYLE = Automatic;
				DEVELOPMENT_TEAM = 4XZ45QMCDW;
				INFOPLIST_FILE = koganCodingChallenge/Info.plist;
				LD_RUNPATH_SEARCH_PATHS = (
					"$(inherited)",
					"@executable_path/Frameworks",
				);
				PRODUCT_BUNDLE_IDENTIFIER = com.ankitha.koganCodingChallenge;
				PRODUCT_NAME = "$(TARGET_NAME)";
				SWIFT_VERSION = 5.0;
				TARGETED_DEVICE_FAMILY = "1,2";
			};
			name = Release;
		};
		8D7E9E8D25FB6F3F007D4D0C /* Debug */ = {
			isa = XCBuildConfiguration;
			buildSettings = {
				ALWAYS_EMBED_SWIFT_STANDARD_LIBRARIES = YES;
				BUNDLE_LOADER = "$(TEST_HOST)";
				CODE_SIGN_STYLE = Automatic;
				DEVELOPMENT_TEAM = 4XZ45QMCDW;
				INFOPLIST_FILE = koganCodingChallengeTests/Info.plist;
				IPHONEOS_DEPLOYMENT_TARGET = 14.4;
				LD_RUNPATH_SEARCH_PATHS = (
					"$(inherited)",
					"@executable_path/Frameworks",
					"@loader_path/Frameworks",
				);
				PRODUCT_BUNDLE_IDENTIFIER = com.ankitha.koganCodingChallengeTests;
				PRODUCT_NAME = "$(TARGET_NAME)";
				SWIFT_VERSION = 5.0;
				TARGETED_DEVICE_FAMILY = "1,2";
				TEST_HOST = "$(BUILT_PRODUCTS_DIR)/koganCodingChallenge.app/koganCodingChallenge";
			};
			name = Debug;
		};
		8D7E9E8E25FB6F3F007D4D0C /* Release */ = {
			isa = XCBuildConfiguration;
			buildSettings = {
				ALWAYS_EMBED_SWIFT_STANDARD_LIBRARIES = YES;
				BUNDLE_LOADER = "$(TEST_HOST)";
				CODE_SIGN_STYLE = Automatic;
				DEVELOPMENT_TEAM = 4XZ45QMCDW;
				INFOPLIST_FILE = koganCodingChallengeTests/Info.plist;
				IPHONEOS_DEPLOYMENT_TARGET = 14.4;
				LD_RUNPATH_SEARCH_PATHS = (
					"$(inherited)",
					"@executable_path/Frameworks",
					"@loader_path/Frameworks",
				);
				PRODUCT_BUNDLE_IDENTIFIER = com.ankitha.koganCodingChallengeTests;
				PRODUCT_NAME = "$(TARGET_NAME)";
				SWIFT_VERSION = 5.0;
				TARGETED_DEVICE_FAMILY = "1,2";
				TEST_HOST = "$(BUILT_PRODUCTS_DIR)/koganCodingChallenge.app/koganCodingChallenge";
			};
			name = Release;
		};
		8D7E9E9025FB6F3F007D4D0C /* Debug */ = {
			isa = XCBuildConfiguration;
			buildSettings = {
				ALWAYS_EMBED_SWIFT_STANDARD_LIBRARIES = YES;
				CODE_SIGN_STYLE = Automatic;
				DEVELOPMENT_TEAM = 4XZ45QMCDW;
				INFOPLIST_FILE = koganCodingChallengeUITests/Info.plist;
				LD_RUNPATH_SEARCH_PATHS = (
					"$(inherited)",
					"@executable_path/Frameworks",
					"@loader_path/Frameworks",
				);
				PRODUCT_BUNDLE_IDENTIFIER = com.ankitha.koganCodingChallengeUITests;
				PRODUCT_NAME = "$(TARGET_NAME)";
				SWIFT_VERSION = 5.0;
				TARGETED_DEVICE_FAMILY = "1,2";
				TEST_TARGET_NAME = koganCodingChallenge;
			};
			name = Debug;
		};
		8D7E9E9125FB6F3F007D4D0C /* Release */ = {
			isa = XCBuildConfiguration;
			buildSettings = {
				ALWAYS_EMBED_SWIFT_STANDARD_LIBRARIES = YES;
				CODE_SIGN_STYLE = Automatic;
				DEVELOPMENT_TEAM = 4XZ45QMCDW;
				INFOPLIST_FILE = koganCodingChallengeUITests/Info.plist;
				LD_RUNPATH_SEARCH_PATHS = (
					"$(inherited)",
					"@executable_path/Frameworks",
					"@loader_path/Frameworks",
				);
				PRODUCT_BUNDLE_IDENTIFIER = com.ankitha.koganCodingChallengeUITests;
				PRODUCT_NAME = "$(TARGET_NAME)";
				SWIFT_VERSION = 5.0;
				TARGETED_DEVICE_FAMILY = "1,2";
				TEST_TARGET_NAME = koganCodingChallenge;
			};
			name = Release;
		};
/* End XCBuildConfiguration section */

/* Begin XCConfigurationList section */
		8D7E9E5A25FB6F3B007D4D0C /* Build configuration list for PBXProject "koganCodingChallenge" */ = {
			isa = XCConfigurationList;
			buildConfigurations = (
				8D7E9E8725FB6F3F007D4D0C /* Debug */,
				8D7E9E8825FB6F3F007D4D0C /* Release */,
			);
			defaultConfigurationIsVisible = 0;
			defaultConfigurationName = Release;
		};
		8D7E9E8925FB6F3F007D4D0C /* Build configuration list for PBXNativeTarget "koganCodingChallenge" */ = {
			isa = XCConfigurationList;
			buildConfigurations = (
				8D7E9E8A25FB6F3F007D4D0C /* Debug */,
				8D7E9E8B25FB6F3F007D4D0C /* Release */,
			);
			defaultConfigurationIsVisible = 0;
			defaultConfigurationName = Release;
		};
		8D7E9E8C25FB6F3F007D4D0C /* Build configuration list for PBXNativeTarget "koganCodingChallengeTests" */ = {
			isa = XCConfigurationList;
			buildConfigurations = (
				8D7E9E8D25FB6F3F007D4D0C /* Debug */,
				8D7E9E8E25FB6F3F007D4D0C /* Release */,
			);
			defaultConfigurationIsVisible = 0;
			defaultConfigurationName = Release;
		};
		8D7E9E8F25FB6F3F007D4D0C /* Build configuration list for PBXNativeTarget "koganCodingChallengeUITests" */ = {
			isa = XCConfigurationList;
			buildConfigurations = (
				8D7E9E9025FB6F3F007D4D0C /* Debug */,
				8D7E9E9125FB6F3F007D4D0C /* Release */,
			);
			defaultConfigurationIsVisible = 0;
			defaultConfigurationName = Release;
		};
/* End XCConfigurationList section */
	};
	rootObject = 8D7E9E5725FB6F3B007D4D0C /* Project object */;
}
